{
    "compileClasspath": {
        "org.jetbrains.kotlin:kotlin-reflect": {
            "locked": "1.4.10",
            "requested": "1.4.10"
        },
        "org.jetbrains.kotlin:kotlin-stdlib": {
            "locked": "1.4.10",
            "transitive": [
                "org.jetbrains.kotlin:kotlin-reflect",
                "org.jetbrains.kotlin:kotlin-stdlib-jdk7",
                "org.jetbrains.kotlin:kotlin-stdlib-jdk8"
            ]
        },
        "org.jetbrains.kotlin:kotlin-stdlib-common": {
            "locked": "1.4.10",
            "transitive": [
                "org.jetbrains.kotlin:kotlin-stdlib"
            ]
        },
        "org.jetbrains.kotlin:kotlin-stdlib-jdk7": {
            "locked": "1.4.10",
            "transitive": [
                "org.jetbrains.kotlin:kotlin-stdlib-jdk8"
            ]
        },
        "org.jetbrains.kotlin:kotlin-stdlib-jdk8": {
            "locked": "1.4.10",
            "requested": "1.4.10"
        },
        "org.jetbrains:annotations": {
            "locked": "13.0",
            "transitive": [
                "org.jetbrains.kotlin:kotlin-stdlib"
            ]
        },
        "org.slf4j:slf4j-api": {
            "locked": "1.7.28",
            "requested": "1.7.28"
        }
    },
    "default": {
        "org.jetbrains.kotlin:kotlin-reflect": {
            "locked": "1.4.10",
            "requested": "1.4.10"
        },
        "org.jetbrains.kotlin:kotlin-stdlib": {
            "locked": "1.4.10",
            "transitive": [
                "org.jetbrains.kotlin:kotlin-reflect",
                "org.jetbrains.kotlin:kotlin-stdlib-jdk7",
                "org.jetbrains.kotlin:kotlin-stdlib-jdk8"
            ]
        },
        "org.jetbrains.kotlin:kotlin-stdlib-common": {
            "locked": "1.4.10",
            "transitive": [
                "org.jetbrains.kotlin:kotlin-stdlib"
            ]
        },
        "org.jetbrains.kotlin:kotlin-stdlib-jdk7": {
            "locked": "1.4.10",
            "transitive": [
                "org.jetbrains.kotlin:kotlin-stdlib-jdk8"
            ]
        },
        "org.jetbrains.kotlin:kotlin-stdlib-jdk8": {
            "locked": "1.4.10",
            "requested": "1.4.10"
        },
        "org.jetbrains:annotations": {
            "locked": "13.0",
            "transitive": [
                "org.jetbrains.kotlin:kotlin-stdlib"
            ]
        },
        "org.slf4j:slf4j-api": {
            "locked": "1.7.28",
            "requested": "1.7.28"
        }
    },
    "implementationDependenciesMetadata": {
        "org.jetbrains.kotlin:kotlin-reflect": {
            "locked": "1.4.10",
            "requested": "1.4.10"
        },
        "org.jetbrains.kotlin:kotlin-stdlib": {
            "locked": "1.4.10",
            "transitive": [
                "org.jetbrains.kotlin:kotlin-reflect",
                "org.jetbrains.kotlin:kotlin-stdlib-jdk7",
                "org.jetbrains.kotlin:kotlin-stdlib-jdk8"
            ]
        },
        "org.jetbrains.kotlin:kotlin-stdlib-common": {
            "locked": "1.4.10",
            "transitive": [
                "org.jetbrains.kotlin:kotlin-stdlib"
            ]
        },
        "org.jetbrains.kotlin:kotlin-stdlib-jdk7": {
            "locked": "1.4.10",
            "transitive": [
                "org.jetbrains.kotlin:kotlin-stdlib-jdk8"
            ]
        },
        "org.jetbrains.kotlin:kotlin-stdlib-jdk8": {
            "locked": "1.4.10",
            "requested": "1.4.10"
        },
        "org.jetbrains:annotations": {
            "locked": "13.0",
            "transitive": [
                "org.jetbrains.kotlin:kotlin-stdlib"
            ]
        },
        "org.slf4j:slf4j-api": {
            "locked": "1.7.28",
            "requested": "1.7.28"
        }
    },
    "jacocoAgent": {
        "org.jacoco:org.jacoco.agent": {
            "locked": "0.8.5"
        }
    },
    "jacocoAnt": {
        "org.jacoco:org.jacoco.agent": {
            "locked": "0.8.5",
            "transitive": [
                "org.jacoco:org.jacoco.ant"
            ]
        },
        "org.jacoco:org.jacoco.ant": {
            "locked": "0.8.5"
        },
        "org.jacoco:org.jacoco.core": {
            "locked": "0.8.5",
            "transitive": [
                "org.jacoco:org.jacoco.ant",
                "org.jacoco:org.jacoco.report"
            ]
        },
        "org.jacoco:org.jacoco.report": {
            "locked": "0.8.5",
            "transitive": [
                "org.jacoco:org.jacoco.ant"
            ]
        },
        "org.ow2.asm:asm": {
            "locked": "7.2",
            "transitive": [
                "org.jacoco:org.jacoco.core",
                "org.ow2.asm:asm-commons",
                "org.ow2.asm:asm-tree"
            ]
        },
        "org.ow2.asm:asm-analysis": {
            "locked": "7.2",
            "transitive": [
                "org.ow2.asm:asm-commons"
            ]
        },
        "org.ow2.asm:asm-commons": {
            "locked": "7.2",
            "transitive": [
                "org.jacoco:org.jacoco.core"
            ]
        },
        "org.ow2.asm:asm-tree": {
            "locked": "7.2",
            "transitive": [
                "org.jacoco:org.jacoco.core",
                "org.ow2.asm:asm-analysis",
                "org.ow2.asm:asm-commons"
            ]
        }
    },
    "kotlinCompilerClasspath": {
        "org.jetbrains.intellij.deps:trove4j": {
            "locked": "1.0.20181211",
            "transitive": [
                "org.jetbrains.kotlin:kotlin-compiler-embeddable"
            ]
        },
        "org.jetbrains.kotlin:kotlin-compiler-embeddable": {
            "locked": "1.4.10",
            "requested": "1.4.10"
        },
        "org.jetbrains.kotlin:kotlin-daemon-embeddable": {
            "locked": "1.4.10",
            "transitive": [
                "org.jetbrains.kotlin:kotlin-compiler-embeddable"
            ]
        },
        "org.jetbrains.kotlin:kotlin-reflect": {
            "locked": "1.4.10",
            "transitive": [
                "org.jetbrains.kotlin:kotlin-compiler-embeddable"
            ]
        },
        "org.jetbrains.kotlin:kotlin-script-runtime": {
            "locked": "1.4.10",
            "transitive": [
                "org.jetbrains.kotlin:kotlin-compiler-embeddable"
            ]
        },
        "org.jetbrains.kotlin:kotlin-stdlib": {
            "locked": "1.4.10",
            "transitive": [
                "org.jetbrains.kotlin:kotlin-compiler-embeddable",
                "org.jetbrains.kotlin:kotlin-reflect"
            ]
        },
        "org.jetbrains.kotlin:kotlin-stdlib-common": {
            "locked": "1.4.10",
            "transitive": [
                "org.jetbrains.kotlin:kotlin-stdlib"
            ]
        },
        "org.jetbrains:annotations": {
            "locked": "13.0",
            "transitive": [
                "org.jetbrains.kotlin:kotlin-stdlib"
            ]
        }
    },
    "kotlinCompilerPluginClasspath": {
        "org.jetbrains.kotlin:kotlin-script-runtime": {
            "locked": "1.4.10",
            "transitive": [
                "org.jetbrains.kotlin:kotlin-scripting-jvm"
            ]
        },
        "org.jetbrains.kotlin:kotlin-scripting-common": {
            "locked": "1.4.10",
            "transitive": [
                "org.jetbrains.kotlin:kotlin-scripting-compiler-impl-embeddable",
                "org.jetbrains.kotlin:kotlin-scripting-jvm"
            ]
        },
        "org.jetbrains.kotlin:kotlin-scripting-compiler-embeddable": {
            "locked": "1.4.10",
            "requested": "1.4.10"
        },
        "org.jetbrains.kotlin:kotlin-scripting-compiler-impl-embeddable": {
            "locked": "1.4.10",
            "transitive": [
                "org.jetbrains.kotlin:kotlin-scripting-compiler-embeddable"
            ]
        },
        "org.jetbrains.kotlin:kotlin-scripting-jvm": {
            "locked": "1.4.10",
            "transitive": [
                "org.jetbrains.kotlin:kotlin-scripting-compiler-impl-embeddable"
            ]
        },
        "org.jetbrains.kotlin:kotlin-stdlib": {
            "locked": "1.4.10",
            "transitive": [
                "org.jetbrains.kotlin:kotlin-scripting-common",
                "org.jetbrains.kotlin:kotlin-scripting-compiler-embeddable",
                "org.jetbrains.kotlin:kotlin-scripting-compiler-impl-embeddable",
                "org.jetbrains.kotlin:kotlin-scripting-jvm",
                "org.jetbrains.kotlinx:kotlinx-coroutines-core"
            ]
        },
        "org.jetbrains.kotlin:kotlin-stdlib-common": {
            "locked": "1.4.10",
            "transitive": [
                "org.jetbrains.kotlin:kotlin-stdlib",
                "org.jetbrains.kotlinx:kotlinx-coroutines-core"
            ]
        },
        "org.jetbrains.kotlinx:kotlinx-coroutines-core": {
            "locked": "1.4.1",
            "transitive": [
                "org.jetbrains.kotlin:kotlin-scripting-common",
                "org.jetbrains.kotlin:kotlin-scripting-compiler-impl-embeddable"
            ]
        },
        "org.jetbrains:annotations": {
            "locked": "13.0",
            "transitive": [
                "org.jetbrains.kotlin:kotlin-stdlib"
            ]
        }
    },
    "kotlinKlibCommonizerClasspath": {
        "org.jetbrains.intellij.deps:trove4j": {
            "locked": "1.0.20181211",
            "transitive": [
                "org.jetbrains.kotlin:kotlin-compiler-embeddable"
            ]
        },
        "org.jetbrains.kotlin:kotlin-compiler-embeddable": {
            "locked": "1.4.10",
            "transitive": [
                "org.jetbrains.kotlin:kotlin-klib-commonizer-embeddable"
            ]
        },
        "org.jetbrains.kotlin:kotlin-daemon-embeddable": {
            "locked": "1.4.10",
            "transitive": [
                "org.jetbrains.kotlin:kotlin-compiler-embeddable"
            ]
        },
        "org.jetbrains.kotlin:kotlin-klib-commonizer-embeddable": {
            "locked": "1.4.10"
        },
        "org.jetbrains.kotlin:kotlin-reflect": {
            "locked": "1.4.10",
            "transitive": [
                "org.jetbrains.kotlin:kotlin-compiler-embeddable"
            ]
        },
        "org.jetbrains.kotlin:kotlin-script-runtime": {
            "locked": "1.4.10",
            "transitive": [
                "org.jetbrains.kotlin:kotlin-compiler-embeddable"
            ]
        },
        "org.jetbrains.kotlin:kotlin-stdlib": {
            "locked": "1.4.10",
            "transitive": [
                "org.jetbrains.kotlin:kotlin-compiler-embeddable",
                "org.jetbrains.kotlin:kotlin-klib-commonizer-embeddable",
                "org.jetbrains.kotlin:kotlin-reflect"
            ]
        },
        "org.jetbrains.kotlin:kotlin-stdlib-common": {
            "locked": "1.4.10",
            "transitive": [
                "org.jetbrains.kotlin:kotlin-stdlib"
            ]
        },
        "org.jetbrains:annotations": {
            "locked": "13.0",
            "transitive": [
                "org.jetbrains.kotlin:kotlin-stdlib"
            ]
        }
    },
    "runtimeClasspath": {
        "org.jetbrains.kotlin:kotlin-reflect": {
            "locked": "1.4.10",
            "requested": "1.4.10"
        },
        "org.jetbrains.kotlin:kotlin-stdlib": {
            "locked": "1.4.10",
            "transitive": [
                "org.jetbrains.kotlin:kotlin-reflect",
                "org.jetbrains.kotlin:kotlin-stdlib-jdk7",
                "org.jetbrains.kotlin:kotlin-stdlib-jdk8"
            ]
        },
        "org.jetbrains.kotlin:kotlin-stdlib-common": {
            "locked": "1.4.10",
            "transitive": [
                "org.jetbrains.kotlin:kotlin-stdlib"
            ]
        },
        "org.jetbrains.kotlin:kotlin-stdlib-jdk7": {
            "locked": "1.4.10",
            "transitive": [
                "org.jetbrains.kotlin:kotlin-stdlib-jdk8"
            ]
        },
        "org.jetbrains.kotlin:kotlin-stdlib-jdk8": {
            "locked": "1.4.10",
            "requested": "1.4.10"
        },
        "org.jetbrains:annotations": {
            "locked": "13.0",
            "transitive": [
                "org.jetbrains.kotlin:kotlin-stdlib"
            ]
        },
        "org.slf4j:slf4j-api": {
            "locked": "1.7.28",
            "requested": "1.7.28"
        }
    },
    "testApiDependenciesMetadata": {
        "org.apiguardian:apiguardian-api": {
            "locked": "1.1.0",
            "transitive": [
                "org.junit.jupiter:junit-jupiter-api",
                "org.junit.jupiter:junit-jupiter-engine",
                "org.junit.platform:junit-platform-commons",
                "org.junit.platform:junit-platform-engine"
            ]
        },
        "org.assertj:assertj-core": {
            "locked": "3.18.1"
        },
        "org.junit.jupiter:junit-jupiter-api": {
            "locked": "5.7.0",
            "transitive": [
                "org.junit.jupiter:junit-jupiter-engine"
            ]
        },
        "org.junit.jupiter:junit-jupiter-engine": {
            "locked": "5.7.0"
        },
        "org.junit.platform:junit-platform-commons": {
            "locked": "1.7.0",
            "transitive": [
                "org.junit.jupiter:junit-jupiter-api",
                "org.junit.platform:junit-platform-engine"
            ]
        },
        "org.junit.platform:junit-platform-engine": {
            "locked": "1.7.0",
            "transitive": [
                "org.junit.jupiter:junit-jupiter-engine"
            ]
        },
        "org.opentest4j:opentest4j": {
            "locked": "1.2.0",
            "transitive": [
                "org.junit.jupiter:junit-jupiter-api",
                "org.junit.platform:junit-platform-engine"
            ]
        }
    },
    "testCompile": {
        "org.apiguardian:apiguardian-api": {
            "locked": "1.1.0",
            "transitive": [
                "org.junit.jupiter:junit-jupiter-api",
                "org.junit.jupiter:junit-jupiter-engine",
                "org.junit.platform:junit-platform-commons",
                "org.junit.platform:junit-platform-engine"
            ]
        },
        "org.assertj:assertj-core": {
            "locked": "3.18.1"
        },
        "org.junit.jupiter:junit-jupiter-api": {
            "locked": "5.7.0",
            "transitive": [
                "org.junit.jupiter:junit-jupiter-engine"
            ]
        },
        "org.junit.jupiter:junit-jupiter-engine": {
            "locked": "5.7.0"
        },
        "org.junit.platform:junit-platform-commons": {
            "locked": "1.7.0",
            "transitive": [
                "org.junit.jupiter:junit-jupiter-api",
                "org.junit.platform:junit-platform-engine"
            ]
        },
        "org.junit.platform:junit-platform-engine": {
            "locked": "1.7.0",
            "transitive": [
                "org.junit.jupiter:junit-jupiter-engine"
            ]
        },
        "org.opentest4j:opentest4j": {
            "locked": "1.2.0",
            "transitive": [
                "org.junit.jupiter:junit-jupiter-api",
                "org.junit.platform:junit-platform-engine"
            ]
        }
    },
    "testCompileClasspath": {
        "org.apiguardian:apiguardian-api": {
            "locked": "1.1.0",
            "transitive": [
                "org.junit.jupiter:junit-jupiter-api",
                "org.junit.jupiter:junit-jupiter-engine",
                "org.junit.platform:junit-platform-commons",
                "org.junit.platform:junit-platform-engine"
            ]
        },
        "org.assertj:assertj-core": {
            "locked": "3.18.1"
        },
        "org.jetbrains.kotlin:kotlin-reflect": {
            "locked": "1.4.10",
            "requested": "1.4.10"
        },
        "org.jetbrains.kotlin:kotlin-stdlib": {
            "locked": "1.4.10",
            "transitive": [
                "org.jetbrains.kotlin:kotlin-reflect",
                "org.jetbrains.kotlin:kotlin-stdlib-jdk7",
                "org.jetbrains.kotlin:kotlin-stdlib-jdk8"
            ]
        },
        "org.jetbrains.kotlin:kotlin-stdlib-common": {
            "locked": "1.4.10",
            "transitive": [
                "org.jetbrains.kotlin:kotlin-stdlib"
            ]
        },
        "org.jetbrains.kotlin:kotlin-stdlib-jdk7": {
            "locked": "1.4.10",
            "transitive": [
                "org.jetbrains.kotlin:kotlin-stdlib-jdk8"
            ]
        },
        "org.jetbrains.kotlin:kotlin-stdlib-jdk8": {
            "locked": "1.4.10",
            "requested": "1.4.10"
        },
        "org.jetbrains:annotations": {
            "locked": "13.0",
            "transitive": [
                "org.jetbrains.kotlin:kotlin-stdlib"
            ]
        },
        "org.junit.jupiter:junit-jupiter-api": {
            "locked": "5.7.0",
            "transitive": [
                "org.junit.jupiter:junit-jupiter-engine"
            ]
        },
        "org.junit.jupiter:junit-jupiter-engine": {
            "locked": "5.7.0"
        },
        "org.junit.platform:junit-platform-commons": {
            "locked": "1.7.0",
            "transitive": [
                "org.junit.jupiter:junit-jupiter-api",
                "org.junit.platform:junit-platform-engine"
            ]
        },
        "org.junit.platform:junit-platform-engine": {
            "locked": "1.7.0",
            "transitive": [
                "org.junit.jupiter:junit-jupiter-engine"
            ]
        },
        "org.opentest4j:opentest4j": {
            "locked": "1.2.0",
            "transitive": [
                "org.junit.jupiter:junit-jupiter-api",
                "org.junit.platform:junit-platform-engine"
            ]
        },
        "org.slf4j:slf4j-api": {
            "locked": "1.7.28",
            "requested": "1.7.28"
        }
    },
    "testImplementationDependenciesMetadata": {
        "org.apiguardian:apiguardian-api": {
            "locked": "1.1.0",
            "transitive": [
                "org.junit.jupiter:junit-jupiter-api",
                "org.junit.jupiter:junit-jupiter-engine",
                "org.junit.platform:junit-platform-commons",
                "org.junit.platform:junit-platform-engine"
            ]
        },
        "org.assertj:assertj-core": {
            "locked": "3.18.1"
        },
        "org.jetbrains.kotlin:kotlin-reflect": {
            "locked": "1.4.10",
            "requested": "1.4.10"
        },
        "org.jetbrains.kotlin:kotlin-stdlib": {
            "locked": "1.4.10",
            "transitive": [
                "org.jetbrains.kotlin:kotlin-reflect",
                "org.jetbrains.kotlin:kotlin-stdlib-jdk7",
                "org.jetbrains.kotlin:kotlin-stdlib-jdk8"
            ]
        },
        "org.jetbrains.kotlin:kotlin-stdlib-common": {
            "locked": "1.4.10",
            "transitive": [
                "org.jetbrains.kotlin:kotlin-stdlib"
            ]
        },
        "org.jetbrains.kotlin:kotlin-stdlib-jdk7": {
            "locked": "1.4.10",
            "transitive": [
                "org.jetbrains.kotlin:kotlin-stdlib-jdk8"
            ]
        },
        "org.jetbrains.kotlin:kotlin-stdlib-jdk8": {
            "locked": "1.4.10",
            "requested": "1.4.10"
        },
        "org.jetbrains:annotations": {
            "locked": "13.0",
            "transitive": [
                "org.jetbrains.kotlin:kotlin-stdlib"
            ]
        },
        "org.junit.jupiter:junit-jupiter-api": {
            "locked": "5.7.0",
            "transitive": [
                "org.junit.jupiter:junit-jupiter-engine"
            ]
        },
        "org.junit.jupiter:junit-jupiter-engine": {
            "locked": "5.7.0"
        },
        "org.junit.platform:junit-platform-commons": {
            "locked": "1.7.0",
            "transitive": [
                "org.junit.jupiter:junit-jupiter-api",
                "org.junit.platform:junit-platform-engine"
            ]
        },
        "org.junit.platform:junit-platform-engine": {
            "locked": "1.7.0",
            "transitive": [
                "org.junit.jupiter:junit-jupiter-engine"
            ]
        },
        "org.opentest4j:opentest4j": {
            "locked": "1.2.0",
            "transitive": [
                "org.junit.jupiter:junit-jupiter-api",
                "org.junit.platform:junit-platform-engine"
            ]
        },
        "org.slf4j:slf4j-api": {
            "locked": "1.7.28",
            "requested": "1.7.28"
        }
    },
    "testRuntime": {
        "org.apiguardian:apiguardian-api": {
            "locked": "1.1.0",
            "transitive": [
                "org.junit.jupiter:junit-jupiter-api",
                "org.junit.jupiter:junit-jupiter-engine",
                "org.junit.platform:junit-platform-commons",
                "org.junit.platform:junit-platform-engine"
            ]
        },
        "org.assertj:assertj-core": {
            "locked": "3.18.1"
        },
        "org.junit.jupiter:junit-jupiter-api": {
            "locked": "5.7.0",
            "transitive": [
                "org.junit.jupiter:junit-jupiter-engine"
            ]
        },
        "org.junit.jupiter:junit-jupiter-engine": {
            "locked": "5.7.0"
        },
        "org.junit.platform:junit-platform-commons": {
            "locked": "1.7.0",
            "transitive": [
                "org.junit.jupiter:junit-jupiter-api",
                "org.junit.platform:junit-platform-engine"
            ]
        },
        "org.junit.platform:junit-platform-engine": {
            "locked": "1.7.0",
            "transitive": [
                "org.junit.jupiter:junit-jupiter-engine"
            ]
        },
        "org.opentest4j:opentest4j": {
            "locked": "1.2.0",
            "transitive": [
                "org.junit.jupiter:junit-jupiter-api",
                "org.junit.platform:junit-platform-engine"
            ]
        }
    },
    "testRuntimeClasspath": {
        "org.apiguardian:apiguardian-api": {
            "locked": "1.1.0",
            "transitive": [
                "org.junit.jupiter:junit-jupiter-api",
                "org.junit.jupiter:junit-jupiter-engine",
                "org.junit.platform:junit-platform-commons",
                "org.junit.platform:junit-platform-engine"
            ]
        },
        "org.assertj:assertj-core": {
            "locked": "3.18.1"
        },
        "org.jetbrains.kotlin:kotlin-reflect": {
            "locked": "1.4.10",
            "requested": "1.4.10"
        },
        "org.jetbrains.kotlin:kotlin-stdlib": {
            "locked": "1.4.10",
            "transitive": [
                "org.jetbrains.kotlin:kotlin-reflect",
                "org.jetbrains.kotlin:kotlin-stdlib-jdk7",
                "org.jetbrains.kotlin:kotlin-stdlib-jdk8"
            ]
        },
        "org.jetbrains.kotlin:kotlin-stdlib-common": {
            "locked": "1.4.10",
            "transitive": [
                "org.jetbrains.kotlin:kotlin-stdlib"
            ]
        },
        "org.jetbrains.kotlin:kotlin-stdlib-jdk7": {
            "locked": "1.4.10",
            "transitive": [
                "org.jetbrains.kotlin:kotlin-stdlib-jdk8"
            ]
        },
        "org.jetbrains.kotlin:kotlin-stdlib-jdk8": {
            "locked": "1.4.10",
            "requested": "1.4.10"
        },
        "org.jetbrains:annotations": {
            "locked": "13.0",
            "transitive": [
                "org.jetbrains.kotlin:kotlin-stdlib"
            ]
        },
        "org.junit.jupiter:junit-jupiter-api": {
            "locked": "5.7.0",
            "transitive": [
                "org.junit.jupiter:junit-jupiter-engine"
            ]
        },
        "org.junit.jupiter:junit-jupiter-engine": {
            "locked": "5.7.0"
        },
        "org.junit.platform:junit-platform-commons": {
            "locked": "1.7.0",
            "transitive": [
                "org.junit.jupiter:junit-jupiter-api",
                "org.junit.platform:junit-platform-engine"
            ]
        },
        "org.junit.platform:junit-platform-engine": {
            "locked": "1.7.0",
            "transitive": [
                "org.junit.jupiter:junit-jupiter-engine"
            ]
        },
        "org.opentest4j:opentest4j": {
            "locked": "1.2.0",
            "transitive": [
                "org.junit.jupiter:junit-jupiter-api",
                "org.junit.platform:junit-platform-engine"
            ]
        },
        "org.slf4j:slf4j-api": {
            "locked": "1.7.28",
            "requested": "1.7.28"
        }
    }
}